
Microsoft Visual Studio Solution File, Format Version 12.00
# Visual Studio Version 17
VisualStudioVersion = 17.10.35122.118
MinimumVisualStudioVersion = 10.0.40219.1
Project("{FAE04EC0-301F-11D3-BF4B-00C04F79EFBC}") = "main project", "main project\main project.csproj", "{1B74F2BE-E880-4128-B686-18669DEFF2B2}"
EndProject
Global
	GlobalSection(SolutionConfigurationPlatforms) = preSolution
		Debug|Any CPU = Debug|Any CPU
		Release|Any CPU = Release|Any CPU
	EndGlobalSection
	GlobalSection(ProjectConfigurationPlatforms) = postSolution
		{1B74F2BE-E880-4128-B686-18669DEFF2B2}.Debug|Any CPU.ActiveCfg = Debug|Any CPU
		{1B74F2BE-E880-4128-B686-18669DEFF2B2}.Debug|Any CPU.Build.0 = Debug|Any CPU
		{1B74F2BE-E880-4128-B686-18669DEFF2B2}.Release|Any CPU.ActiveCfg = Release|Any CPU
		{1B74F2BE-E880-4128-B686-18669DEFF2B2}.Release|Any CPU.Build.0 = Release|Any CPU
	EndGlobalSection
	GlobalSection(SolutionProperties) = preSolution
		HideSolutionNode = FALSE
	EndGlobalSection
	GlobalSection(ExtensibilityGlobals) = postSolution
		SolutionGuid = {A4456FA7-317D-4881-BD67-D172894D8864}
	EndGlobalSection
EndGlobal
